
Microsoft Visual Studio Solution File, Format Version 12.00
# Visual Studio Version 16
VisualStudioVersion = 16.0.31702.278
MinimumVisualStudioVersion = 10.0.40219.1
Project("{FAE04EC0-301F-11D3-BF4B-00C04F79EFBC}") = "Archiver", "Archiver\Archiver.csproj", "{EFCD9566-C6E2-4469-8590-F7C40F1139A4}"
EndProject
Global
	GlobalSection(SolutionConfigurationPlatforms) = preSolution
		Debug|Any CPU = Debug|Any CPU
		Release|Any CPU = Release|Any CPU
	EndGlobalSection
	GlobalSection(ProjectConfigurationPlatforms) = postSolution
		{EFCD9566-C6E2-4469-8590-F7C40F1139A4}.Debug|Any CPU.ActiveCfg = Debug|Any CPU
		{EFCD9566-C6E2-4469-8590-F7C40F1139A4}.Debug|Any CPU.Build.0 = Debug|Any CPU
		{EFCD9566-C6E2-4469-8590-F7C40F1139A4}.Release|Any CPU.ActiveCfg = Release|Any CPU
		{EFCD9566-C6E2-4469-8590-F7C40F1139A4}.Release|Any CPU.Build.0 = Release|Any CPU
	EndGlobalSection
	GlobalSection(SolutionProperties) = preSolution
		HideSolutionNode = FALSE
	EndGlobalSection
	GlobalSection(ExtensibilityGlobals) = postSolution
		SolutionGuid = {6B2873DE-B2F2-4F9E-9D62-C46FAEE65D9F}
	EndGlobalSection
EndGlobal
